// !$*UTF8*$!
{
	archiveVersion = 1;
	classes = {
	};
	objectVersion = 51;
	objects = {

/* Begin PBXBuildFile section */
		74B3792D010F5B4AA457F98A /* Pods_Todoey_Realm.framework in Frameworks */ = {isa = PBXBuildFile; fileRef = F9AC3FB5CB8F56800B307AA7 /* Pods_Todoey_Realm.framework */; };
		B40C0CCE250A424C001BA16D /* AppDelegate.swift in Sources */ = {isa = PBXBuildFile; fileRef = B40C0CCD250A424C001BA16D /* AppDelegate.swift */; };
		B40C0CD0250A424C001BA16D /* SceneDelegate.swift in Sources */ = {isa = PBXBuildFile; fileRef = B40C0CCF250A424C001BA16D /* SceneDelegate.swift */; };
		B40C0CD5250A424C001BA16D /* Main.storyboard in Resources */ = {isa = PBXBuildFile; fileRef = B40C0CD3250A424C001BA16D /* Main.storyboard */; };
		B40C0CD7250A424F001BA16D /* Assets.xcassets in Resources */ = {isa = PBXBuildFile; fileRef = B40C0CD6250A424F001BA16D /* Assets.xcassets */; };
		B40C0CDA250A424F001BA16D /* LaunchScreen.storyboard in Resources */ = {isa = PBXBuildFile; fileRef = B40C0CD8250A424F001BA16D /* LaunchScreen.storyboard */; };
		B40C0CE3250A55EA001BA16D /* CategoryTableViewController.swift in Sources */ = {isa = PBXBuildFile; fileRef = B40C0CE2250A55EA001BA16D /* CategoryTableViewController.swift */; };
		B40C0CE6250A55FB001BA16D /* ItemTableViewController.swift in Sources */ = {isa = PBXBuildFile; fileRef = B40C0CE5250A55FB001BA16D /* ItemTableViewController.swift */; };
		B47B2981250A6703001259E0 /* Item.swift in Sources */ = {isa = PBXBuildFile; fileRef = B47B2980250A6703001259E0 /* Item.swift */; };
		B4CE7105250A656E00103B93 /* Category.swift in Sources */ = {isa = PBXBuildFile; fileRef = B4CE7104250A656E00103B93 /* Category.swift */; };
/* End PBXBuildFile section */

/* Begin PBXFileReference section */
		583E56C05953A92503C9303E /* Pods-Todoey-Realm.release.xcconfig */ = {isa = PBXFileReference; includeInIndex = 1; lastKnownFileType = text.xcconfig; name = "Pods-Todoey-Realm.release.xcconfig"; path = "Target Support Files/Pods-Todoey-Realm/Pods-Todoey-Realm.release.xcconfig"; sourceTree = "<group>"; };
		A53535F3E32673693D9C437A /* Pods-Todoey-Realm.debug.xcconfig */ = {isa = PBXFileReference; includeInIndex = 1; lastKnownFileType = text.xcconfig; name = "Pods-Todoey-Realm.debug.xcconfig"; path = "Target Support Files/Pods-Todoey-Realm/Pods-Todoey-Realm.debug.xcconfig"; sourceTree = "<group>"; };
		B40C0CCA250A424C001BA16D /* Todoey-Realm.app */ = {isa = PBXFileReference; explicitFileType = wrapper.application; includeInIndex = 0; path = "Todoey-Realm.app"; sourceTree = BUILT_PRODUCTS_DIR; };
		B40C0CCD250A424C001BA16D /* AppDelegate.swift */ = {isa = PBXFileReference; lastKnownFileType = sourcecode.swift; path = AppDelegate.swift; sourceTree = "<group>"; };
		B40C0CCF250A424C001BA16D /* SceneDelegate.swift */ = {isa = PBXFileReference; lastKnownFileType = sourcecode.swift; path = SceneDelegate.swift; sourceTree = "<group>"; };
		B40C0CD4250A424C001BA16D /* Base */ = {isa = PBXFileReference; lastKnownFileType = file.storyboard; name = Base; path = Base.lproj/Main.storyboard; sourceTree = "<group>"; };
		B40C0CD6250A424F001BA16D /* Assets.xcassets */ = {isa = PBXFileReference; lastKnownFileType = folder.assetcatalog; path = Assets.xcassets; sourceTree = "<group>"; };
		B40C0CD9250A424F001BA16D /* Base */ = {isa = PBXFileReference; lastKnownFileType = file.storyboard; name = Base; path = Base.lproj/LaunchScreen.storyboard; sourceTree = "<group>"; };
		B40C0CDB250A424F001BA16D /* Info.plist */ = {isa = PBXFileReference; lastKnownFileType = text.plist.xml; path = Info.plist; sourceTree = "<group>"; };
		B40C0CE2250A55EA001BA16D /* CategoryTableViewController.swift */ = {isa = PBXFileReference; lastKnownFileType = sourcecode.swift; path = CategoryTableViewController.swift; sourceTree = "<group>"; };
		B40C0CE5250A55FB001BA16D /* ItemTableViewController.swift */ = {isa = PBXFileReference; lastKnownFileType = sourcecode.swift; path = ItemTableViewController.swift; sourceTree = "<group>"; };
		B44DA1D7250A65C20097305E /* README.md */ = {isa = PBXFileReference; lastKnownFileType = net.daringfireball.markdown; path = README.md; sourceTree = "<group>"; };
		B47B2980250A6703001259E0 /* Item.swift */ = {isa = PBXFileReference; lastKnownFileType = sourcecode.swift; path = Item.swift; sourceTree = "<group>"; };
		B4A5A3C1250A802A006A849E /* ItemSceneLight.png */ = {isa = PBXFileReference; lastKnownFileType = image.png; path = ItemSceneLight.png; sourceTree = "<group>"; };
		B4A5A3C2250A802A006A849E /* ItemSceneDark.png */ = {isa = PBXFileReference; lastKnownFileType = image.png; path = ItemSceneDark.png; sourceTree = "<group>"; };
		B4A5A3C3250A802A006A849E /* CategoryDark.png */ = {isa = PBXFileReference; lastKnownFileType = image.png; path = CategoryDark.png; sourceTree = "<group>"; };
		B4A5A3C4250A802B006A849E /* AddNewCategoryDark.png */ = {isa = PBXFileReference; lastKnownFileType = image.png; path = AddNewCategoryDark.png; sourceTree = "<group>"; };
		B4A5A3C5250A802B006A849E /* AddNewCategoryLight.png */ = {isa = PBXFileReference; lastKnownFileType = image.png; path = AddNewCategoryLight.png; sourceTree = "<group>"; };
		B4A5A3C6250A802B006A849E /* AddNewItemLight.png */ = {isa = PBXFileReference; lastKnownFileType = image.png; path = AddNewItemLight.png; sourceTree = "<group>"; };
		B4A5A3C7250A802B006A849E /* CategoryLight.png */ = {isa = PBXFileReference; lastKnownFileType = image.png; path = CategoryLight.png; sourceTree = "<group>"; };
		B4A5A3C8250A802B006A849E /* AddNewItemSceneDark.png */ = {isa = PBXFileReference; lastKnownFileType = image.png; path = AddNewItemSceneDark.png; sourceTree = "<group>"; };
		B4CE7104250A656E00103B93 /* Category.swift */ = {isa = PBXFileReference; lastKnownFileType = sourcecode.swift; path = Category.swift; sourceTree = "<group>"; };
		F9AC3FB5CB8F56800B307AA7 /* Pods_Todoey_Realm.framework */ = {isa = PBXFileReference; explicitFileType = wrapper.framework; includeInIndex = 0; path = Pods_Todoey_Realm.framework; sourceTree = BUILT_PRODUCTS_DIR; };
/* End PBXFileReference section */

/* Begin PBXFrameworksBuildPhase section */
		B40C0CC7250A424C001BA16D /* Frameworks */ = {
			isa = PBXFrameworksBuildPhase;
			buildActionMask = 2147483647;
			files = (
				74B3792D010F5B4AA457F98A /* Pods_Todoey_Realm.framework in Frameworks */,
			);
			runOnlyForDeploymentPostprocessing = 0;
		};
/* End PBXFrameworksBuildPhase section */

/* Begin PBXGroup section */
		69A9D44B21D50C97EE4849CA /* Pods */ = {
			isa = PBXGroup;
			children = (
				A53535F3E32673693D9C437A /* Pods-Todoey-Realm.debug.xcconfig */,
				583E56C05953A92503C9303E /* Pods-Todoey-Realm.release.xcconfig */,
			);
			path = Pods;
			sourceTree = "<group>";
		};
		B40C0CC1250A424C001BA16D = {
			isa = PBXGroup;
			children = (
				B44DA1D7250A65C20097305E /* README.md */,
				B4A5A3C0250A801C006A849E /* Screenshots */,
				B40C0CCC250A424C001BA16D /* Todoey-Realm */,
				B40C0CCB250A424C001BA16D /* Products */,
				69A9D44B21D50C97EE4849CA /* Pods */,
				FA325EBD7D5E4B027591F834 /* Frameworks */,
			);
			sourceTree = "<group>";
		};
		B40C0CCB250A424C001BA16D /* Products */ = {
			isa = PBXGroup;
			children = (
				B40C0CCA250A424C001BA16D /* Todoey-Realm.app */,
			);
			name = Products;
			sourceTree = "<group>";
		};
		B40C0CCC250A424C001BA16D /* Todoey-Realm */ = {
			isa = PBXGroup;
			children = (
				B40C0CCD250A424C001BA16D /* AppDelegate.swift */,
				B40C0CCF250A424C001BA16D /* SceneDelegate.swift */,
				B4CE7106250A657100103B93 /* Data Models */,
				B40C0CE4250A55EE001BA16D /* Controllers */,
				B40C0CE1250A55BE001BA16D /* Storyboards */,
				B40C0CD6250A424F001BA16D /* Assets.xcassets */,
				B40C0CDB250A424F001BA16D /* Info.plist */,
			);
			path = "Todoey-Realm";
			sourceTree = "<group>";
		};
		B40C0CE1250A55BE001BA16D /* Storyboards */ = {
			isa = PBXGroup;
			children = (
				B40C0CD3250A424C001BA16D /* Main.storyboard */,
				B40C0CD8250A424F001BA16D /* LaunchScreen.storyboard */,
			);
			path = Storyboards;
			sourceTree = "<group>";
		};
		B40C0CE4250A55EE001BA16D /* Controllers */ = {
			isa = PBXGroup;
			children = (
				B40C0CE2250A55EA001BA16D /* CategoryTableViewController.swift */,
				B40C0CE5250A55FB001BA16D /* ItemTableViewController.swift */,
			);
			path = Controllers;
			sourceTree = "<group>";
		};
		B4A5A3C0250A801C006A849E /* Screenshots */ = {
			isa = PBXGroup;
			children = (
				B4A5A3C4250A802B006A849E /* AddNewCategoryDark.png */,
				B4A5A3C5250A802B006A849E /* AddNewCategoryLight.png */,
				B4A5A3C6250A802B006A849E /* AddNewItemLight.png */,
				B4A5A3C8250A802B006A849E /* AddNewItemSceneDark.png */,
				B4A5A3C3250A802A006A849E /* CategoryDark.png */,
				B4A5A3C7250A802B006A849E /* CategoryLight.png */,
				B4A5A3C2250A802A006A849E /* ItemSceneDark.png */,
				B4A5A3C1250A802A006A849E /* ItemSceneLight.png */,
			);
			path = Screenshots;
			sourceTree = "<group>";
		};
		B4CE7106250A657100103B93 /* Data Models */ = {
			isa = PBXGroup;
			children = (
				B4CE7104250A656E00103B93 /* Category.swift */,
				B47B2980250A6703001259E0 /* Item.swift */,
			);
			path = "Data Models";
			sourceTree = "<group>";
		};
		FA325EBD7D5E4B027591F834 /* Frameworks */ = {
			isa = PBXGroup;
			children = (
				F9AC3FB5CB8F56800B307AA7 /* Pods_Todoey_Realm.framework */,
			);
			name = Frameworks;
			sourceTree = "<group>";
		};
/* End PBXGroup section */

/* Begin PBXNativeTarget section */
		B40C0CC9250A424C001BA16D /* Todoey-Realm */ = {
			isa = PBXNativeTarget;
			buildConfigurationList = B40C0CDE250A424F001BA16D /* Build configuration list for PBXNativeTarget "Todoey-Realm" */;
			buildPhases = (
				B1713D845CFDE996A663A5A5 /* [CP] Check Pods Manifest.lock */,
				B40C0CC6250A424C001BA16D /* Sources */,
				B40C0CC7250A424C001BA16D /* Frameworks */,
				B40C0CC8250A424C001BA16D /* Resources */,
				B38DAE54153C1D23EAE21AE7 /* [CP] Embed Pods Frameworks */,
			);
			buildRules = (
			);
			dependencies = (
			);
			name = "Todoey-Realm";
			productName = "Todoey-Realm";
			productReference = B40C0CCA250A424C001BA16D /* Todoey-Realm.app */;
			productType = "com.apple.product-type.application";
		};
/* End PBXNativeTarget section */

/* Begin PBXProject section */
		B40C0CC2250A424C001BA16D /* Project object */ = {
			isa = PBXProject;
			attributes = {
				LastSwiftUpdateCheck = 1170;
				LastUpgradeCheck = 1170;
				ORGANIZATIONNAME = "Nishant Taneja";
				TargetAttributes = {
					B40C0CC9250A424C001BA16D = {
						CreatedOnToolsVersion = 11.7;
					};
				};
			};
			buildConfigurationList = B40C0CC5250A424C001BA16D /* Build configuration list for PBXProject "Todoey-Realm" */;
			compatibilityVersion = "Xcode 9.3";
			developmentRegion = en;
			hasScannedForEncodings = 0;
			knownRegions = (
				en,
				Base,
			);
			mainGroup = B40C0CC1250A424C001BA16D;
			productRefGroup = B40C0CCB250A424C001BA16D /* Products */;
			projectDirPath = "";
			projectRoot = "";
			targets = (
				B40C0CC9250A424C001BA16D /* Todoey-Realm */,
			);
		};
/* End PBXProject section */

/* Begin PBXResourcesBuildPhase section */
		B40C0CC8250A424C001BA16D /* Resources */ = {
			isa = PBXResourcesBuildPhase;
			buildActionMask = 2147483647;
			files = (
				B40C0CDA250A424F001BA16D /* LaunchScreen.storyboard in Resources */,
				B40C0CD7250A424F001BA16D /* Assets.xcassets in Resources */,
				B40C0CD5250A424C001BA16D /* Main.storyboard in Resources */,
			);
			runOnlyForDeploymentPostprocessing = 0;
		};
/* End PBXResourcesBuildPhase section */

/* Begin PBXShellScriptBuildPhase section */
		B1713D845CFDE996A663A5A5 /* [CP] Check Pods Manifest.lock */ = {
			isa = PBXShellScriptBuildPhase;
			buildActionMask = 2147483647;
			files = (
			);
			inputFileListPaths = (
			);
			inputPaths = (
				"${PODS_PODFILE_DIR_PATH}/Podfile.lock",
				"${PODS_ROOT}/Manifest.lock",
			);
			name = "[CP] Check Pods Manifest.lock";
			outputFileListPaths = (
			);
			outputPaths = (
				"$(DERIVED_FILE_DIR)/Pods-Todoey-Realm-checkManifestLockResult.txt",
			);
			runOnlyForDeploymentPostprocessing = 0;
			shellPath = /bin/sh;
			shellScript = "diff \"${PODS_PODFILE_DIR_PATH}/Podfile.lock\" \"${PODS_ROOT}/Manifest.lock\" > /dev/null\nif [ $? != 0 ] ; then\n    # print error to STDERR\n    echo \"error: The sandbox is not in sync with the Podfile.lock. Run 'pod install' or update your CocoaPods installation.\" >&2\n    exit 1\nfi\n# This output is used by Xcode 'outputs' to avoid re-running this script phase.\necho \"SUCCESS\" > \"${SCRIPT_OUTPUT_FILE_0}\"\n";
			showEnvVarsInLog = 0;
		};
		B38DAE54153C1D23EAE21AE7 /* [CP] Embed Pods Frameworks */ = {
			isa = PBXShellScriptBuildPhase;
			buildActionMask = 2147483647;
			files = (
			);
			inputFileListPaths = (
				"${PODS_ROOT}/Target Support Files/Pods-Todoey-Realm/Pods-Todoey-Realm-frameworks-${CONFIGURATION}-input-files.xcfilelist",
			);
			name = "[CP] Embed Pods Frameworks";
			outputFileListPaths = (
				"${PODS_ROOT}/Target Support Files/Pods-Todoey-Realm/Pods-Todoey-Realm-frameworks-${CONFIGURATION}-output-files.xcfilelist",
			);
			runOnlyForDeploymentPostprocessing = 0;
			shellPath = /bin/sh;
			shellScript = "\"${PODS_ROOT}/Target Support Files/Pods-Todoey-Realm/Pods-Todoey-Realm-frameworks.sh\"\n";
			showEnvVarsInLog = 0;
		};
/* End PBXShellScriptBuildPhase section */

/* Begin PBXSourcesBuildPhase section */
		B40C0CC6250A424C001BA16D /* Sources */ = {
			isa = PBXSourcesBuildPhase;
			buildActionMask = 2147483647;
			files = (
				B40C0CCE250A424C001BA16D /* AppDelegate.swift in Sources */,
				B4CE7105250A656E00103B93 /* Category.swift in Sources */,
				B40C0CD0250A424C001BA16D /* SceneDelegate.swift in Sources */,
				B40C0CE6250A55FB001BA16D /* ItemTableViewController.swift in Sources */,
				B47B2981250A6703001259E0 /* Item.swift in Sources */,
				B40C0CE3250A55EA001BA16D /* CategoryTableViewController.swift in Sources */,
			);
			runOnlyForDeploymentPostprocessing = 0;
		};
/* End PBXSourcesBuildPhase section */

/* Begin PBXVariantGroup section */
		B40C0CD3250A424C001BA16D /* Main.storyboard */ = {
			isa = PBXVariantGroup;
			children = (
				B40C0CD4250A424C001BA16D /* Base */,
			);
			name = Main.storyboard;
			sourceTree = "<group>";
		};
		B40C0CD8250A424F001BA16D /* LaunchScreen.storyboard */ = {
			isa = PBXVariantGroup;
			children = (
				B40C0CD9250A424F001BA16D /* Base */,
			);
			name = LaunchScreen.storyboard;
			sourceTree = "<group>";
		};
/* End PBXVariantGroup section */

/* Begin XCBuildConfiguration section */
		B40C0CDC250A424F001BA16D /* Debug */ = {
			isa = XCBuildConfiguration;
			buildSettings = {
				ALWAYS_SEARCH_USER_PATHS = NO;
				CLANG_ANALYZER_NONNULL = YES;
				CLANG_ANALYZER_NUMBER_OBJECT_CONVERSION = YES_AGGRESSIVE;
				CLANG_CXX_LANGUAGE_STANDARD = "gnu++14";
				CLANG_CXX_LIBRARY = "libc++";
				CLANG_ENABLE_MODULES = YES;
				CLANG_ENABLE_OBJC_ARC = YES;
				CLANG_ENABLE_OBJC_WEAK = YES;
				CLANG_WARN_BLOCK_CAPTURE_AUTORELEASING = YES;
				CLANG_WARN_BOOL_CONVERSION = YES;
				CLANG_WARN_COMMA = YES;
				CLANG_WARN_CONSTANT_CONVERSION = YES;
				CLANG_WARN_DEPRECATED_OBJC_IMPLEMENTATIONS = YES;
				CLANG_WARN_DIRECT_OBJC_ISA_USAGE = YES_ERROR;
				CLANG_WARN_DOCUMENTATION_COMMENTS = YES;
				CLANG_WARN_EMPTY_BODY = YES;
				CLANG_WARN_ENUM_CONVERSION = YES;
				CLANG_WARN_INFINITE_RECURSION = YES;
				CLANG_WARN_INT_CONVERSION = YES;
				CLANG_WARN_NON_LITERAL_NULL_CONVERSION = YES;
				CLANG_WARN_OBJC_IMPLICIT_RETAIN_SELF = YES;
				CLANG_WARN_OBJC_LITERAL_CONVERSION = YES;
				CLANG_WARN_OBJC_ROOT_CLASS = YES_ERROR;
				CLANG_WARN_RANGE_LOOP_ANALYSIS = YES;
				CLANG_WARN_STRICT_PROTOTYPES = YES;
				CLANG_WARN_SUSPICIOUS_MOVE = YES;
				CLANG_WARN_UNGUARDED_AVAILABILITY = YES_AGGRESSIVE;
				CLANG_WARN_UNREACHABLE_CODE = YES;
				CLANG_WARN__DUPLICATE_METHOD_MATCH = YES;
				COPY_PHASE_STRIP = NO;
				DEBUG_INFORMATION_FORMAT = dwarf;
				ENABLE_STRICT_OBJC_MSGSEND = YES;
				ENABLE_TESTABILITY = YES;
				GCC_C_LANGUAGE_STANDARD = gnu11;
				GCC_DYNAMIC_NO_PIC = NO;
				GCC_NO_COMMON_BLOCKS = YES;
				GCC_OPTIMIZATION_LEVEL = 0;
				GCC_PREPROCESSOR_DEFINITIONS = (
					"DEBUG=1",
					"$(inherited)",
				);
				GCC_WARN_64_TO_32_BIT_CONVERSION = YES;
				GCC_WARN_ABOUT_RETURN_TYPE = YES_ERROR;
				GCC_WARN_UNDECLARED_SELECTOR = YES;
				GCC_WARN_UNINITIALIZED_AUTOS = YES_AGGRESSIVE;
				GCC_WARN_UNUSED_FUNCTION = YES;
				GCC_WARN_UNUSED_VARIABLE = YES;
				IPHONEOS_DEPLOYMENT_TARGET = 13.7;
				MTL_ENABLE_DEBUG_INFO = INCLUDE_SOURCE;
				MTL_FAST_MATH = YES;
				ONLY_ACTIVE_ARCH = YES;
				SDKROOT = iphoneos;
				SWIFT_ACTIVE_COMPILATION_CONDITIONS = DEBUG;
				SWIFT_OPTIMIZATION_LEVEL = "-Onone";
			};
			name = Debug;
		};
		B40C0CDD250A424F001BA16D /* Release */ = {
			isa = XCBuildConfiguration;
			buildSettings = {
				ALWAYS_SEARCH_USER_PATHS = NO;
				CLANG_ANALYZER_NONNULL = YES;
				CLANG_ANALYZER_NUMBER_OBJECT_CONVERSION = YES_AGGRESSIVE;
				CLANG_CXX_LANGUAGE_STANDARD = "gnu++14";
				CLANG_CXX_LIBRARY = "libc++";
				CLANG_ENABLE_MODULES = YES;
				CLANG_ENABLE_OBJC_ARC = YES;
				CLANG_ENABLE_OBJC_WEAK = YES;
				CLANG_WARN_BLOCK_CAPTURE_AUTORELEASING = YES;
				CLANG_WARN_BOOL_CONVERSION = YES;
				CLANG_WARN_COMMA = YES;
				CLANG_WARN_CONSTANT_CONVERSION = YES;
				CLANG_WARN_DEPRECATED_OBJC_IMPLEMENTATIONS = YES;
				CLANG_WARN_DIRECT_OBJC_ISA_USAGE = YES_ERROR;
				CLANG_WARN_DOCUMENTATION_COMMENTS = YES;
				CLANG_WARN_EMPTY_BODY = YES;
				CLANG_WARN_ENUM_CONVERSION = YES;
				CLANG_WARN_INFINITE_RECURSION = YES;
				CLANG_WARN_INT_CONVERSION = YES;
				CLANG_WARN_NON_LITERAL_NULL_CONVERSION = YES;
				CLANG_WARN_OBJC_IMPLICIT_RETAIN_SELF = YES;
				CLANG_WARN_OBJC_LITERAL_CONVERSION = YES;
				CLANG_WARN_OBJC_ROOT_CLASS = YES_ERROR;
				CLANG_WARN_RANGE_LOOP_ANALYSIS = YES;
				CLANG_WARN_STRICT_PROTOTYPES = YES;
				CLANG_WARN_SUSPICIOUS_MOVE = YES;
				CLANG_WARN_UNGUARDED_AVAILABILITY = YES_AGGRESSIVE;
				CLANG_WARN_UNREACHABLE_CODE = YES;
				CLANG_WARN__DUPLICATE_METHOD_MATCH = YES;
				COPY_PHASE_STRIP = NO;
				DEBUG_INFORMATION_FORMAT = "dwarf-with-dsym";
				ENABLE_NS_ASSERTIONS = NO;
				ENABLE_STRICT_OBJC_MSGSEND = YES;
				GCC_C_LANGUAGE_STANDARD = gnu11;
				GCC_NO_COMMON_BLOCKS = YES;
				GCC_WARN_64_TO_32_BIT_CONVERSION = YES;
				GCC_WARN_ABOUT_RETURN_TYPE = YES_ERROR;
				GCC_WARN_UNDECLARED_SELECTOR = YES;
				GCC_WARN_UNINITIALIZED_AUTOS = YES_AGGRESSIVE;
				GCC_WARN_UNUSED_FUNCTION = YES;
				GCC_WARN_UNUSED_VARIABLE = YES;
				IPHONEOS_DEPLOYMENT_TARGET = 13.7;
				MTL_ENABLE_DEBUG_INFO = NO;
				MTL_FAST_MATH = YES;
				SDKROOT = iphoneos;
				SWIFT_COMPILATION_MODE = wholemodule;
				SWIFT_OPTIMIZATION_LEVEL = "-O";
				VALIDATE_PRODUCT = YES;
			};
			name = Release;
		};
		B40C0CDF250A424F001BA16D /* Debug */ = {
			isa = XCBuildConfiguration;
			baseConfigurationReference = A53535F3E32673693D9C437A /* Pods-Todoey-Realm.debug.xcconfig */;
			buildSettings = {
				ASSETCATALOG_COMPILER_APPICON_NAME = AppIcon;
				CODE_SIGN_STYLE = Automatic;
				DEVELOPMENT_TEAM = 4YZDJM5F99;
				INFOPLIST_FILE = "Todoey-Realm/Info.plist";
				LD_RUNPATH_SEARCH_PATHS = (
					"$(inherited)",
					"@executable_path/Frameworks",
				);
				PRODUCT_BUNDLE_IDENTIFIER = "com.nishanttaneja.Todoey-Realm";
				PRODUCT_NAME = "$(TARGET_NAME)";
				SWIFT_VERSION = 5.0;
				TARGETED_DEVICE_FAMILY = 1;
			};
			name = Debug;
		};
		B40C0CE0250A424F001BA16D /* Release */ = {
			isa = XCBuildConfiguration;
			baseConfigurationReference = 583E56C05953A92503C9303E /* Pods-Todoey-Realm.release.xcconfig */;
			buildSettings = {
				ASSETCATALOG_COMPILER_APPICON_NAME = AppIcon;
				CODE_SIGN_STYLE = Automatic;
				DEVELOPMENT_TEAM = 4YZDJM5F99;
				INFOPLIST_FILE = "Todoey-Realm/Info.plist";
				LD_RUNPATH_SEARCH_PATHS = (
					"$(inherited)",
					"@executable_path/Frameworks",
				);
				PRODUCT_BUNDLE_IDENTIFIER = "com.nishanttaneja.Todoey-Realm";
				PRODUCT_NAME = "$(TARGET_NAME)";
				SWIFT_VERSION = 5.0;
				TARGETED_DEVICE_FAMILY = 1;
			};
			name = Release;
		};
/* End XCBuildConfiguration section */

/* Begin XCConfigurationList section */
		B40C0CC5250A424C001BA16D /* Build configuration list for PBXProject "Todoey-Realm" */ = {
			isa = XCConfigurationList;
			buildConfigurations = (
				B40C0CDC250A424F001BA16D /* Debug */,
				B40C0CDD250A424F001BA16D /* Release */,
			);
			defaultConfigurationIsVisible = 0;
			defaultConfigurationName = Release;
		};
		B40C0CDE250A424F001BA16D /* Build configuration list for PBXNativeTarget "Todoey-Realm" */ = {
			isa = XCConfigurationList;
			buildConfigurations = (
				B40C0CDF250A424F001BA16D /* Debug */,
				B40C0CE0250A424F001BA16D /* Release */,
			);
			defaultConfigurationIsVisible = 0;
			defaultConfigurationName = Release;
		};
/* End XCConfigurationList section */
	};
	rootObject = B40C0CC2250A424C001BA16D /* Project object */;
}
